
Microsoft Visual Studio Solution File, Format Version 12.00
# Visual Studio Version 18
VisualStudioVersion = 18.5.11723.231
MinimumVisualStudioVersion = 10.0.40219.1
Project("{2150E333-8FDC-42A3-9474-1A3956D46DE8}") = "Solution Items", "Solution Items", "{6574B5FA-865B-4150-A0F9-72420A7D5AA4}"
	ProjectSection(SolutionItems) = preProject
		.editorconfig = .editorconfig
		Directory.Build.props = Directory.Build.props
		Directory.Packages.props = Directory.Packages.props
		publish-manifest.json = publish-manifest.json
		README.md = README.md
		.github\workflows\build.yml = .github\workflows\build.yml
		.github\workflows\release.yml = .github\workflows\release.yml
	EndProjectSection
EndProject
Project("{9A19103F-16F7-4668-BE54-9A1E7A4F7556}") = "NuGetMonitor", "src\NuGetMonitor\NuGetMonitor.csproj", "{C1A48EF4-3E62-4C4C-8A3E-E1BA33FCAF14}"
EndProject
Project("{9A19103F-16F7-4668-BE54-9A1E7A4F7556}") = "NuGetMonitor.Model", "src\NuGetMonitor.Model\NuGetMonitor.Model.csproj", "{D1E7ECAB-56A7-4283-A2BC-847AB3B7F72A}"
EndProject
Project("{FAE04EC0-301F-11D3-BF4B-00C04F79EFBC}") = "NuGetMonitor.Standalone", "src\NuGetMonitor.Standalone\NuGetMonitor.Standalone.csproj", "{790CA91B-2B57-5024-3B84-87426B2AB89D}"
EndProject
Global
	GlobalSection(SolutionConfigurationPlatforms) = preSolution
		Debug|Any CPU = Debug|Any CPU
		Release|Any CPU = Release|Any CPU
	EndGlobalSection
	GlobalSection(ProjectConfigurationPlatforms) = postSolution
		{C1A48EF4-3E62-4C4C-8A3E-E1BA33FCAF14}.Debug|Any CPU.ActiveCfg = Debug|Any CPU
		{C1A48EF4-3E62-4C4C-8A3E-E1BA33FCAF14}.Debug|Any CPU.Build.0 = Debug|Any CPU
		{C1A48EF4-3E62-4C4C-8A3E-E1BA33FCAF14}.Debug|Any CPU.Deploy.0 = Debug|Any CPU
		{C1A48EF4-3E62-4C4C-8A3E-E1BA33FCAF14}.Release|Any CPU.ActiveCfg = Release|Any CPU
		{C1A48EF4-3E62-4C4C-8A3E-E1BA33FCAF14}.Release|Any CPU.Build.0 = Release|Any CPU
		{D1E7ECAB-56A7-4283-A2BC-847AB3B7F72A}.Debug|Any CPU.ActiveCfg = Debug|Any CPU
		{D1E7ECAB-56A7-4283-A2BC-847AB3B7F72A}.Debug|Any CPU.Build.0 = Debug|Any CPU
		{D1E7ECAB-56A7-4283-A2BC-847AB3B7F72A}.Release|Any CPU.ActiveCfg = Release|Any CPU
		{D1E7ECAB-56A7-4283-A2BC-847AB3B7F72A}.Release|Any CPU.Build.0 = Release|Any CPU
		{790CA91B-2B57-5024-3B84-87426B2AB89D}.Debug|Any CPU.ActiveCfg = Debug|Any CPU
		{790CA91B-2B57-5024-3B84-87426B2AB89D}.Debug|Any CPU.Build.0 = Debug|Any CPU
		{790CA91B-2B57-5024-3B84-87426B2AB89D}.Release|Any CPU.ActiveCfg = Release|Any CPU
		{790CA91B-2B57-5024-3B84-87426B2AB89D}.Release|Any CPU.Build.0 = Release|Any CPU
	EndGlobalSection
	GlobalSection(SolutionProperties) = preSolution
		HideSolutionNode = FALSE
	EndGlobalSection
	GlobalSection(ExtensibilityGlobals) = postSolution
		SolutionGuid = {92CEBB8F-5642-4335-9396-5C474FD08211}
	EndGlobalSection
EndGlobal
